
Microsoft Visual Studio Solution File, Format Version 12.00
# Visual Studio Version 17
VisualStudioVersion = 17.2.32616.157
MinimumVisualStudioVersion = 10.0.40219.1
Project("{9A19103F-16F7-4668-BE54-9A1E7A4F7556}") = "talyanu", "talyanu\talyanu.csproj", "{6942D1B2-8D03-45F0-95D8-DC3381CCE9D2}"
EndProject
Project("{9A19103F-16F7-4668-BE54-9A1E7A4F7556}") = "BusRoutes_Tests", "BusRoutes_Tests\BusRoutes_Tests.csproj", "{F2B12ADF-EF52-42B5-BB97-91A838E4197C}"
EndProject
Global
	GlobalSection(SolutionConfigurationPlatforms) = preSolution
		Debug|Any CPU = Debug|Any CPU
		Release|Any CPU = Release|Any CPU
	EndGlobalSection
	GlobalSection(ProjectConfigurationPlatforms) = postSolution
		{6942D1B2-8D03-45F0-95D8-DC3381CCE9D2}.Debug|Any CPU.ActiveCfg = Debug|Any CPU
		{6942D1B2-8D03-45F0-95D8-DC3381CCE9D2}.Debug|Any CPU.Build.0 = Debug|Any CPU
		{6942D1B2-8D03-45F0-95D8-DC3381CCE9D2}.Release|Any CPU.ActiveCfg = Release|Any CPU
		{6942D1B2-8D03-45F0-95D8-DC3381CCE9D2}.Release|Any CPU.Build.0 = Release|Any CPU
		{F2B12ADF-EF52-42B5-BB97-91A838E4197C}.Debug|Any CPU.ActiveCfg = Debug|Any CPU
		{F2B12ADF-EF52-42B5-BB97-91A838E4197C}.Debug|Any CPU.Build.0 = Debug|Any CPU
		{F2B12ADF-EF52-42B5-BB97-91A838E4197C}.Release|Any CPU.ActiveCfg = Release|Any CPU
		{F2B12ADF-EF52-42B5-BB97-91A838E4197C}.Release|Any CPU.Build.0 = Release|Any CPU
	EndGlobalSection
	GlobalSection(SolutionProperties) = preSolution
		HideSolutionNode = FALSE
	EndGlobalSection
	GlobalSection(ExtensibilityGlobals) = postSolution
		SolutionGuid = {D6EC0285-DAAC-456F-80AB-6A0D4854B6A5}
	EndGlobalSection
EndGlobal
